
Microsoft Visual Studio Solution File, Format Version 12.00
# Visual Studio Version 17
VisualStudioVersion = 17.14.36414.22
MinimumVisualStudioVersion = 10.0.40219.1
Project("{FAE04EC0-301F-11D3-BF4B-00C04F79EFBC}") = "RaporServisi.Api", "RaporServisi.Api\RaporServisi.Api.csproj", "{AEE25172-6E56-4396-9189-8B441250390A}"
EndProject
Project("{FAE04EC0-301F-11D3-BF4B-00C04F79EFBC}") = "RaporServisi.Domain", "RaporServisi.Domain\RaporServisi.Domain.csproj", "{75E465D5-0BEE-48B9-8F2B-2F3E9760C028}"
EndProject
Project("{FAE04EC0-301F-11D3-BF4B-00C04F79EFBC}") = "RaporServisi.Application", "RaporServisi.Application\RaporServisi.Application.csproj", "{B1A224EF-58FA-40DC-9E34-50E519227E87}"
EndProject
Project("{FAE04EC0-301F-11D3-BF4B-00C04F79EFBC}") = "RaporServisi.Infrastructure", "RaporServisi.Infrastructure\RaporServisi.Infrastructure.csproj", "{F33EDA7A-2080-4D93-A5AC-BE580E5BF192}"
EndProject
Global
	GlobalSection(SolutionConfigurationPlatforms) = preSolution
		Debug|Any CPU = Debug|Any CPU
		Release|Any CPU = Release|Any CPU
	EndGlobalSection
	GlobalSection(ProjectConfigurationPlatforms) = postSolution
		{AEE25172-6E56-4396-9189-8B441250390A}.Debug|Any CPU.ActiveCfg = Debug|Any CPU
		{AEE25172-6E56-4396-9189-8B441250390A}.Debug|Any CPU.Build.0 = Debug|Any CPU
		{AEE25172-6E56-4396-9189-8B441250390A}.Release|Any CPU.ActiveCfg = Release|Any CPU
		{AEE25172-6E56-4396-9189-8B441250390A}.Release|Any CPU.Build.0 = Release|Any CPU
		{75E465D5-0BEE-48B9-8F2B-2F3E9760C028}.Debug|Any CPU.ActiveCfg = Debug|Any CPU
		{75E465D5-0BEE-48B9-8F2B-2F3E9760C028}.Debug|Any CPU.Build.0 = Debug|Any CPU
		{75E465D5-0BEE-48B9-8F2B-2F3E9760C028}.Release|Any CPU.ActiveCfg = Release|Any CPU
		{75E465D5-0BEE-48B9-8F2B-2F3E9760C028}.Release|Any CPU.Build.0 = Release|Any CPU
		{B1A224EF-58FA-40DC-9E34-50E519227E87}.Debug|Any CPU.ActiveCfg = Debug|Any CPU
		{B1A224EF-58FA-40DC-9E34-50E519227E87}.Debug|Any CPU.Build.0 = Debug|Any CPU
		{B1A224EF-58FA-40DC-9E34-50E519227E87}.Release|Any CPU.ActiveCfg = Release|Any CPU
		{B1A224EF-58FA-40DC-9E34-50E519227E87}.Release|Any CPU.Build.0 = Release|Any CPU
		{F33EDA7A-2080-4D93-A5AC-BE580E5BF192}.Debug|Any CPU.ActiveCfg = Debug|Any CPU
		{F33EDA7A-2080-4D93-A5AC-BE580E5BF192}.Debug|Any CPU.Build.0 = Debug|Any CPU
		{F33EDA7A-2080-4D93-A5AC-BE580E5BF192}.Release|Any CPU.ActiveCfg = Release|Any CPU
		{F33EDA7A-2080-4D93-A5AC-BE580E5BF192}.Release|Any CPU.Build.0 = Release|Any CPU
	EndGlobalSection
	GlobalSection(SolutionProperties) = preSolution
		HideSolutionNode = FALSE
	EndGlobalSection
	GlobalSection(ExtensibilityGlobals) = postSolution
		SolutionGuid = {C3440E54-9B43-4ABE-B2DF-7A9A7F154337}
	EndGlobalSection
EndGlobal
